{
  "pins" : [
    {
      "identity" : "kevin-ios",
      "kind" : "remoteSourceControl",
      "location" : "https://github.com/getkevin/kevin-ios",
      "state" : {
        "revision" : "1c2c2d782c09bd8f32d37465b2c46b16ae0e5b84",
        "version" : "2.2.13"
      }
    }
  ],
  "version" : 2
}
