// !$*UTF8*$!
{
	archiveVersion = 1;
	classes = {
	};
	objectVersion = 52;
	objects = {

/* Begin PBXBuildFile section */
		0C005FAA2861C856003C767F /* KevinLinkedBankCell.swift in Sources */ = {isa = PBXBuildFile; fileRef = 0C005FA92861C856003C767F /* KevinLinkedBankCell.swift */; };
		0C08545027B268220036EE48 /* Text+Extensions.swift in Sources */ = {isa = PBXBuildFile; fileRef = 0C08544F27B268220036EE48 /* Text+Extensions.swift */; };
		0C08545227B268830036EE48 /* TextStyles.swift in Sources */ = {isa = PBXBuildFile; fileRef = 0C08545127B268830036EE48 /* TextStyles.swift */; };
		0C08545C27B3E1270036EE48 /* KevinCountrySelectionCell.swift in Sources */ = {isa = PBXBuildFile; fileRef = 0C08545B27B3E1270036EE48 /* KevinCountrySelectionCell.swift */; };
		0C08546427B557FE0036EE48 /* ApiCountries.swift in Sources */ = {isa = PBXBuildFile; fileRef = 0C08546327B557FE0036EE48 /* ApiCountries.swift */; };
		0C08546627B55AA70036EE48 /* View+Extensions.swift in Sources */ = {isa = PBXBuildFile; fileRef = 0C08546527B55AA70036EE48 /* View+Extensions.swift */; };
		0C08546827B55BA30036EE48 /* ApiCharity.swift in Sources */ = {isa = PBXBuildFile; fileRef = 0C08546727B55BA30036EE48 /* ApiCharity.swift */; };
		0C08546A27B55C680036EE48 /* CharityListRequest.swift in Sources */ = {isa = PBXBuildFile; fileRef = 0C08546927B55C680036EE48 /* CharityListRequest.swift */; };
		0C08546C27B55ED60036EE48 /* ApiCharities.swift in Sources */ = {isa = PBXBuildFile; fileRef = 0C08546B27B55ED60036EE48 /* ApiCharities.swift */; };
		0C0C13A128590F6500607CE9 /* SDWebImageSwiftUI in Frameworks */ = {isa = PBXBuildFile; productRef = 0C0C13A028590F6500607CE9 /* SDWebImageSwiftUI */; };
		0C0C13AD2859FC8700607CE9 /* FontWeight.swift in Sources */ = {isa = PBXBuildFile; fileRef = 0C0C13AC2859FC8700607CE9 /* FontWeight.swift */; };
		0C0C85ED287D7DA20079AEF2 /* Encodable+Extensions.swift in Sources */ = {isa = PBXBuildFile; fileRef = 0C0C85EC287D7DA20079AEF2 /* Encodable+Extensions.swift */; };
		0C0C85F0287EDF840079AEF2 /* ResponseDecoder.swift in Sources */ = {isa = PBXBuildFile; fileRef = 0C0C85EF287EDF840079AEF2 /* ResponseDecoder.swift */; };
		0C14500527C369CE00FB3A3E /* KevinModalView.swift in Sources */ = {isa = PBXBuildFile; fileRef = 0C14500427C369CD00FB3A3E /* KevinModalView.swift */; };
		0C14500F27C3B74900FB3A3E /* String+Extensions.swift in Sources */ = {isa = PBXBuildFile; fileRef = 0C14500E27C3B74900FB3A3E /* String+Extensions.swift */; };
		0C630C02285A410600E6FAD1 /* AttributedText in Frameworks */ = {isa = PBXBuildFile; productRef = 0C630C01285A410600E6FAD1 /* AttributedText */; };
		0C630C04285A435700E6FAD1 /* KevinPaymentTypeSelector.swift in Sources */ = {isa = PBXBuildFile; fileRef = 0C630C03285A435700E6FAD1 /* KevinPaymentTypeSelector.swift */; };
		0C630C0B285B2B8600E6FAD1 /* InitiateCardPaymentUseCase.swift in Sources */ = {isa = PBXBuildFile; fileRef = 0C630C06285B2B8600E6FAD1 /* InitiateCardPaymentUseCase.swift */; };
		0C630C0C285B2B8600E6FAD1 /* InitiateBankPaymentUseCase.swift in Sources */ = {isa = PBXBuildFile; fileRef = 0C630C07285B2B8600E6FAD1 /* InitiateBankPaymentUseCase.swift */; };
		0C630C0D285B2B8600E6FAD1 /* BasePaymentInitiationUseCase.swift in Sources */ = {isa = PBXBuildFile; fileRef = 0C630C08285B2B8600E6FAD1 /* BasePaymentInitiationUseCase.swift */; };
		0C630C0E285B2B8600E6FAD1 /* LinkAccountUseCase.swift in Sources */ = {isa = PBXBuildFile; fileRef = 0C630C09285B2B8600E6FAD1 /* LinkAccountUseCase.swift */; };
		0C630C0F285B2B8600E6FAD1 /* InitiateLinkedBankPaymentUseCase.swift in Sources */ = {isa = PBXBuildFile; fileRef = 0C630C0A285B2B8600E6FAD1 /* InitiateLinkedBankPaymentUseCase.swift */; };
		0C630C11285B2BC500E6FAD1 /* BasePublishingUseCase.swift in Sources */ = {isa = PBXBuildFile; fileRef = 0C630C10285B2BC500E6FAD1 /* BasePublishingUseCase.swift */; };
		0C630C13285B2BE500E6FAD1 /* KevinInitiationState.swift in Sources */ = {isa = PBXBuildFile; fileRef = 0C630C12285B2BE500E6FAD1 /* KevinInitiationState.swift */; };
		0C630C1A285B2E7900E6FAD1 /* InitiatePaymentProtocol.swift in Sources */ = {isa = PBXBuildFile; fileRef = 0C630C18285B2E7900E6FAD1 /* InitiatePaymentProtocol.swift */; };
		0C630C1B285B2E7900E6FAD1 /* InitiateLinkedPaymentProtocol.swift in Sources */ = {isa = PBXBuildFile; fileRef = 0C630C19285B2E7900E6FAD1 /* InitiateLinkedPaymentProtocol.swift */; };
		0C6FAC182873249C00B31EDF /* KevinCurrencyTextField.swift in Sources */ = {isa = PBXBuildFile; fileRef = 0C6FAC172873249C00B31EDF /* KevinCurrencyTextField.swift */; };
		0C6FAC1C2874226A00B31EDF /* CharacterSet+Extensions.swift in Sources */ = {isa = PBXBuildFile; fileRef = 0C6FAC1B2874226A00B31EDF /* CharacterSet+Extensions.swift */; };
		0C6FAC1F2874246800B31EDF /* KevinFormatter.swift in Sources */ = {isa = PBXBuildFile; fileRef = 0C6FAC1E2874246800B31EDF /* KevinFormatter.swift */; };
		0C6FAC2128743B7500B31EDF /* ApiCharityAccount.swift in Sources */ = {isa = PBXBuildFile; fileRef = 0C6FAC2028743B7500B31EDF /* ApiCharityAccount.swift */; };
		0C850BA92858A0E900194293 /* InitiateAccountLinkingRequest.swift in Sources */ = {isa = PBXBuildFile; fileRef = 0C850BA82858A0E900194293 /* InitiateAccountLinkingRequest.swift */; };
		0C850BAC2858A6BA00194293 /* LinkedBankRepository.swift in Sources */ = {isa = PBXBuildFile; fileRef = 0C850BAB2858A6BA00194293 /* LinkedBankRepository.swift */; };
		0C850BAF2858A8BE00194293 /* Realm in Frameworks */ = {isa = PBXBuildFile; productRef = 0C850BAE2858A8BE00194293 /* Realm */; };
		0C850BB12858A8BE00194293 /* RealmSwift in Frameworks */ = {isa = PBXBuildFile; productRef = 0C850BB02858A8BE00194293 /* RealmSwift */; };
		0C850BB42858A99100194293 /* LinkedBank.swift in Sources */ = {isa = PBXBuildFile; fileRef = 0C850BB32858A99100194293 /* LinkedBank.swift */; };
		0C850BB62858AA0800194293 /* BankCredentials.swift in Sources */ = {isa = PBXBuildFile; fileRef = 0C850BB52858AA0800194293 /* BankCredentials.swift */; };
		0C850BB92858AAB200194293 /* SwiftKeychainWrapper in Frameworks */ = {isa = PBXBuildFile; productRef = 0C850BB82858AAB200194293 /* SwiftKeychainWrapper */; };
		0C850BBD2858B11E00194293 /* AccountsView.swift in Sources */ = {isa = PBXBuildFile; fileRef = 0C850BBC2858B11E00194293 /* AccountsView.swift */; };
		0C850BBF2858B5FD00194293 /* Result+Extensions.swift in Sources */ = {isa = PBXBuildFile; fileRef = 0C850BBE2858B5FD00194293 /* Result+Extensions.swift */; };
		0C850BC12858B84B00194293 /* AccountCell.swift in Sources */ = {isa = PBXBuildFile; fileRef = 0C850BC02858B84B00194293 /* AccountCell.swift */; };
		0C850BC32858B9D700194293 /* NewAccountCell.swift in Sources */ = {isa = PBXBuildFile; fileRef = 0C850BC22858B9D700194293 /* NewAccountCell.swift */; };
		0CE4995D27B67AC8005E32D4 /* KevinEmailTextField.swift in Sources */ = {isa = PBXBuildFile; fileRef = 0CE4995C27B67AC8005E32D4 /* KevinEmailTextField.swift */; };
		0CE4996027B67D1F005E32D4 /* KevinAgreementCheckMark.swift in Sources */ = {isa = PBXBuildFile; fileRef = 0CE4995F27B67D1F005E32D4 /* KevinAgreementCheckMark.swift */; };
		0CE4996227BA659C005E32D4 /* KevinCharityView.swift in Sources */ = {isa = PBXBuildFile; fileRef = 0CE4996127BA659C005E32D4 /* KevinCharityView.swift */; };
		0CE4996527BA65D8005E32D4 /* SDWebImageSwiftUI in Frameworks */ = {isa = PBXBuildFile; productRef = 0CE4996427BA65D8005E32D4 /* SDWebImageSwiftUI */; };
		0CE4996A27BA9EC4005E32D4 /* KevinCountrySelector.swift in Sources */ = {isa = PBXBuildFile; fileRef = 0CE4996927BA9EC4005E32D4 /* KevinCountrySelector.swift */; };
		0CE4996D27BBE0F8005E32D4 /* PaymentType.swift in Sources */ = {isa = PBXBuildFile; fileRef = 0CE4996C27BBE0F8005E32D4 /* PaymentType.swift */; };
		0CE7379C27C781BA0010C934 /* HalfASheet in Frameworks */ = {isa = PBXBuildFile; productRef = 0CE7379B27C781BA0010C934 /* HalfASheet */; };
		0CF565952857663B00853D8A /* MainView.swift in Sources */ = {isa = PBXBuildFile; fileRef = 0CF565942857663B00853D8A /* MainView.swift */; };
		0CF5659F285767F000853D8A /* ApplicationTabs.swift in Sources */ = {isa = PBXBuildFile; fileRef = 0CF5659E285767F000853D8A /* ApplicationTabs.swift */; };
		0CF565A1285777DD00853D8A /* AccountLinkingView.swift in Sources */ = {isa = PBXBuildFile; fileRef = 0CF565A0285777DD00853D8A /* AccountLinkingView.swift */; };
		0CF565A42857789600853D8A /* NoAccountsView.swift in Sources */ = {isa = PBXBuildFile; fileRef = 0CF565A32857789600853D8A /* NoAccountsView.swift */; };
		0CF565A62857858800853D8A /* MainButtonStyle.swift in Sources */ = {isa = PBXBuildFile; fileRef = 0CF565A52857858800853D8A /* MainButtonStyle.swift */; };
		0CF565A8285786A600853D8A /* AccountLinkingViewModel.swift in Sources */ = {isa = PBXBuildFile; fileRef = 0CF565A7285786A600853D8A /* AccountLinkingViewModel.swift */; };
		0CF565AA285786B100853D8A /* AccountLinkingViewState.swift in Sources */ = {isa = PBXBuildFile; fileRef = 0CF565A9285786B100853D8A /* AccountLinkingViewState.swift */; };
		0CF565AC285876B100853D8A /* BankCredentialsPreferences.swift in Sources */ = {isa = PBXBuildFile; fileRef = 0CF565AB285876B100853D8A /* BankCredentialsPreferences.swift */; };
		0CF565AE285878E100853D8A /* GetAccessTokenRequest.swift in Sources */ = {isa = PBXBuildFile; fileRef = 0CF565AD285878E100853D8A /* GetAccessTokenRequest.swift */; };
		0CF565B02858794000853D8A /* RefreshAccessTokenRequest.swift in Sources */ = {isa = PBXBuildFile; fileRef = 0CF565AF2858794000853D8A /* RefreshAccessTokenRequest.swift */; };
		0CF565B228587A5500853D8A /* ApiAccessToken.swift in Sources */ = {isa = PBXBuildFile; fileRef = 0CF565B128587A5500853D8A /* ApiAccessToken.swift */; };
		0CFAE6A5285B574300F55F74 /* KevinLinkedBankSelector.swift in Sources */ = {isa = PBXBuildFile; fileRef = 0CFAE6A4285B574300F55F74 /* KevinLinkedBankSelector.swift */; };
		0CFAE6A7285B8B4000F55F74 /* KevinBankError.swift in Sources */ = {isa = PBXBuildFile; fileRef = 0CFAE6A6285B8B4000F55F74 /* KevinBankError.swift */; };
		0CFAE6C3285B959C00F55F74 /* HalfASheetConfiguration.swift in Sources */ = {isa = PBXBuildFile; fileRef = 0CFAE6C2285B959C00F55F74 /* HalfASheetConfiguration.swift */; };
		272CA8E626B4404F00978AA7 /* KevinViewControllerRepresentable.swift in Sources */ = {isa = PBXBuildFile; fileRef = 272CA8E526B4404F00978AA7 /* KevinViewControllerRepresentable.swift */; };
		272CA8EF26B456A500978AA7 /* Localizable.strings in Resources */ = {isa = PBXBuildFile; fileRef = 272CA8ED26B456A500978AA7 /* Localizable.strings */; };
		272CA8F226B4575200978AA7 /* Localize_Swift in Frameworks */ = {isa = PBXBuildFile; productRef = 272CA8F126B4575200978AA7 /* Localize_Swift */; };
		272CA8F426B45E4E00978AA7 /* PaymentViewState.swift in Sources */ = {isa = PBXBuildFile; fileRef = 272CA8F326B45E4E00978AA7 /* PaymentViewState.swift */; };
		2782B44E2778912D004A9E05 /* GetAuthStateRequest.swift in Sources */ = {isa = PBXBuildFile; fileRef = 2782B44D2778912D004A9E05 /* GetAuthStateRequest.swift */; };
		2782B450277892D6004A9E05 /* InitiatePaymentRequest.swift in Sources */ = {isa = PBXBuildFile; fileRef = 2782B44F277892D6004A9E05 /* InitiatePaymentRequest.swift */; };
		27B1808A26807338001E0C50 /* PaymentViewModel.swift in Sources */ = {isa = PBXBuildFile; fileRef = 27B1808926807338001E0C50 /* PaymentViewModel.swift */; };
		27B1809226807898001E0C50 /* PromiseKit in Frameworks */ = {isa = PBXBuildFile; productRef = 27B1809126807898001E0C50 /* PromiseKit */; };
		27B18095268078CE001E0C50 /* Alamofire in Frameworks */ = {isa = PBXBuildFile; productRef = 27B18094268078CE001E0C50 /* Alamofire */; };
		27B1809A26807920001E0C50 /* BaseApiRequestAdapter.swift in Sources */ = {isa = PBXBuildFile; fileRef = 27B1809926807920001E0C50 /* BaseApiRequestAdapter.swift */; };
		27B1809C26807949001E0C50 /* RequestHeaders.swift in Sources */ = {isa = PBXBuildFile; fileRef = 27B1809B26807949001E0C50 /* RequestHeaders.swift */; };
		27B1809E26807984001E0C50 /* URLRequestHeader.swift in Sources */ = {isa = PBXBuildFile; fileRef = 27B1809D26807984001E0C50 /* URLRequestHeader.swift */; };
		27B180A126807C13001E0C50 /* DemoApiRequestRouter.swift in Sources */ = {isa = PBXBuildFile; fileRef = 27B180A026807C13001E0C50 /* DemoApiRequestRouter.swift */; };
		27B180A326807D78001E0C50 /* BaseApiClient.swift in Sources */ = {isa = PBXBuildFile; fileRef = 27B180A226807D78001E0C50 /* BaseApiClient.swift */; };
		27B180A526807E1E001E0C50 /* ApiError.swift in Sources */ = {isa = PBXBuildFile; fileRef = 27B180A426807E1E001E0C50 /* ApiError.swift */; };
		27B180A826807EA2001E0C50 /* JWTDecode in Frameworks */ = {isa = PBXBuildFile; productRef = 27B180A726807EA2001E0C50 /* JWTDecode */; };
		27B180AB26807EF3001E0C50 /* JWTCredentials.swift in Sources */ = {isa = PBXBuildFile; fileRef = 27B180AA26807EF3001E0C50 /* JWTCredentials.swift */; };
		27B180AD26807F14001E0C50 /* ApiRequest.swift in Sources */ = {isa = PBXBuildFile; fileRef = 27B180AC26807F14001E0C50 /* ApiRequest.swift */; };
		27B180B026807F86001E0C50 /* TokenRefresherProtocol.swift in Sources */ = {isa = PBXBuildFile; fileRef = 27B180AF26807F86001E0C50 /* TokenRefresherProtocol.swift */; };
		27B180B226807FA3001E0C50 /* LoggerProtocol.swift in Sources */ = {isa = PBXBuildFile; fileRef = 27B180B126807FA3001E0C50 /* LoggerProtocol.swift */; };
		27B180B52680805B001E0C50 /* ApiAuthState.swift in Sources */ = {isa = PBXBuildFile; fileRef = 27B180B42680805B001E0C50 /* ApiAuthState.swift */; };
		27B180B72680809B001E0C50 /* ApiPayment.swift in Sources */ = {isa = PBXBuildFile; fileRef = 27B180B62680809B001E0C50 /* ApiPayment.swift */; };
		27B180B9268080E2001E0C50 /* DemoApiClient.swift in Sources */ = {isa = PBXBuildFile; fileRef = 27B180B8268080E2001E0C50 /* DemoApiClient.swift */; };
		27B180BB26808147001E0C50 /* DemoApiClientFactory.swift in Sources */ = {isa = PBXBuildFile; fileRef = 27B180BA26808147001E0C50 /* DemoApiClientFactory.swift */; };
		27C350F9267372FA00A3A17F /* KevinDemoApp.swift in Sources */ = {isa = PBXBuildFile; fileRef = 27C350F8267372FA00A3A17F /* KevinDemoApp.swift */; };
		27C350FB267372FA00A3A17F /* PaymentView.swift in Sources */ = {isa = PBXBuildFile; fileRef = 27C350FA267372FA00A3A17F /* PaymentView.swift */; };
		27C350FD267372FB00A3A17F /* Assets.xcassets in Resources */ = {isa = PBXBuildFile; fileRef = 27C350FC267372FB00A3A17F /* Assets.xcassets */; };
		27C3510B267372FB00A3A17F /* KevinDemoTests.swift in Sources */ = {isa = PBXBuildFile; fileRef = 27C3510A267372FB00A3A17F /* KevinDemoTests.swift */; };
		27C35116267372FB00A3A17F /* KevinDemoUITests.swift in Sources */ = {isa = PBXBuildFile; fileRef = 27C35115267372FB00A3A17F /* KevinDemoUITests.swift */; };
		27D384FD27651C13001395C0 /* DemoKevinTheme.swift in Sources */ = {isa = PBXBuildFile; fileRef = 27D384FC27651C13001395C0 /* DemoKevinTheme.swift */; };
		27EF269026B806D90085FDC7 /* .kevin in Frameworks */ = {isa = PBXBuildFile; productRef = 27EF268F26B806D90085FDC7 /* .kevin */; };
		27F1220F27CA488200D1DFFB /* StyleModifier.swift in Sources */ = {isa = PBXBuildFile; fileRef = 27F1220E27CA488200D1DFFB /* StyleModifier.swift */; };
/* End PBXBuildFile section */

/* Begin PBXContainerItemProxy section */
		27C35107267372FB00A3A17F /* PBXContainerItemProxy */ = {
			isa = PBXContainerItemProxy;
			containerPortal = 27C350ED267372FA00A3A17F /* Project object */;
			proxyType = 1;
			remoteGlobalIDString = 27C350F4267372FA00A3A17F;
			remoteInfo = KevinDemo;
		};
		27C35112267372FB00A3A17F /* PBXContainerItemProxy */ = {
			isa = PBXContainerItemProxy;
			containerPortal = 27C350ED267372FA00A3A17F /* Project object */;
			proxyType = 1;
			remoteGlobalIDString = 27C350F4267372FA00A3A17F;
			remoteInfo = KevinDemo;
		};
/* End PBXContainerItemProxy section */

/* Begin PBXFileReference section */
		0C005FA92861C856003C767F /* KevinLinkedBankCell.swift */ = {isa = PBXFileReference; lastKnownFileType = sourcecode.swift; path = KevinLinkedBankCell.swift; sourceTree = "<group>"; };
		0C08544F27B268220036EE48 /* Text+Extensions.swift */ = {isa = PBXFileReference; lastKnownFileType = sourcecode.swift; path = "Text+Extensions.swift"; sourceTree = "<group>"; };
		0C08545127B268830036EE48 /* TextStyles.swift */ = {isa = PBXFileReference; lastKnownFileType = sourcecode.swift; path = TextStyles.swift; sourceTree = "<group>"; };
		0C08545B27B3E1270036EE48 /* KevinCountrySelectionCell.swift */ = {isa = PBXFileReference; lastKnownFileType = sourcecode.swift; path = KevinCountrySelectionCell.swift; sourceTree = "<group>"; };
		0C08546327B557FE0036EE48 /* ApiCountries.swift */ = {isa = PBXFileReference; lastKnownFileType = sourcecode.swift; path = ApiCountries.swift; sourceTree = "<group>"; };
		0C08546527B55AA70036EE48 /* View+Extensions.swift */ = {isa = PBXFileReference; lastKnownFileType = sourcecode.swift; path = "View+Extensions.swift"; sourceTree = "<group>"; };
		0C08546727B55BA30036EE48 /* ApiCharity.swift */ = {isa = PBXFileReference; lastKnownFileType = sourcecode.swift; path = ApiCharity.swift; sourceTree = "<group>"; };
		0C08546927B55C680036EE48 /* CharityListRequest.swift */ = {isa = PBXFileReference; lastKnownFileType = sourcecode.swift; path = CharityListRequest.swift; sourceTree = "<group>"; };
		0C08546B27B55ED60036EE48 /* ApiCharities.swift */ = {isa = PBXFileReference; lastKnownFileType = sourcecode.swift; path = ApiCharities.swift; sourceTree = "<group>"; };
		0C0C13AC2859FC8700607CE9 /* FontWeight.swift */ = {isa = PBXFileReference; lastKnownFileType = sourcecode.swift; path = FontWeight.swift; sourceTree = "<group>"; };
		0C0C85EC287D7DA20079AEF2 /* Encodable+Extensions.swift */ = {isa = PBXFileReference; lastKnownFileType = sourcecode.swift; path = "Encodable+Extensions.swift"; sourceTree = "<group>"; };
		0C0C85EF287EDF840079AEF2 /* ResponseDecoder.swift */ = {isa = PBXFileReference; lastKnownFileType = sourcecode.swift; path = ResponseDecoder.swift; sourceTree = "<group>"; };
		0C14500427C369CD00FB3A3E /* KevinModalView.swift */ = {isa = PBXFileReference; fileEncoding = 4; lastKnownFileType = sourcecode.swift; path = KevinModalView.swift; sourceTree = "<group>"; };
		0C14500E27C3B74900FB3A3E /* String+Extensions.swift */ = {isa = PBXFileReference; lastKnownFileType = sourcecode.swift; path = "String+Extensions.swift"; sourceTree = "<group>"; };
		0C630C03285A435700E6FAD1 /* KevinPaymentTypeSelector.swift */ = {isa = PBXFileReference; lastKnownFileType = sourcecode.swift; path = KevinPaymentTypeSelector.swift; sourceTree = "<group>"; };
		0C630C06285B2B8600E6FAD1 /* InitiateCardPaymentUseCase.swift */ = {isa = PBXFileReference; fileEncoding = 4; lastKnownFileType = sourcecode.swift; path = InitiateCardPaymentUseCase.swift; sourceTree = "<group>"; };
		0C630C07285B2B8600E6FAD1 /* InitiateBankPaymentUseCase.swift */ = {isa = PBXFileReference; fileEncoding = 4; lastKnownFileType = sourcecode.swift; path = InitiateBankPaymentUseCase.swift; sourceTree = "<group>"; };
		0C630C08285B2B8600E6FAD1 /* BasePaymentInitiationUseCase.swift */ = {isa = PBXFileReference; fileEncoding = 4; lastKnownFileType = sourcecode.swift; path = BasePaymentInitiationUseCase.swift; sourceTree = "<group>"; };
		0C630C09285B2B8600E6FAD1 /* LinkAccountUseCase.swift */ = {isa = PBXFileReference; fileEncoding = 4; lastKnownFileType = sourcecode.swift; path = LinkAccountUseCase.swift; sourceTree = "<group>"; };
		0C630C0A285B2B8600E6FAD1 /* InitiateLinkedBankPaymentUseCase.swift */ = {isa = PBXFileReference; fileEncoding = 4; lastKnownFileType = sourcecode.swift; path = InitiateLinkedBankPaymentUseCase.swift; sourceTree = "<group>"; };
		0C630C10285B2BC500E6FAD1 /* BasePublishingUseCase.swift */ = {isa = PBXFileReference; lastKnownFileType = sourcecode.swift; path = BasePublishingUseCase.swift; sourceTree = "<group>"; };
		0C630C12285B2BE500E6FAD1 /* KevinInitiationState.swift */ = {isa = PBXFileReference; lastKnownFileType = sourcecode.swift; path = KevinInitiationState.swift; sourceTree = "<group>"; };
		0C630C18285B2E7900E6FAD1 /* InitiatePaymentProtocol.swift */ = {isa = PBXFileReference; fileEncoding = 4; lastKnownFileType = sourcecode.swift; path = InitiatePaymentProtocol.swift; sourceTree = "<group>"; };
		0C630C19285B2E7900E6FAD1 /* InitiateLinkedPaymentProtocol.swift */ = {isa = PBXFileReference; fileEncoding = 4; lastKnownFileType = sourcecode.swift; path = InitiateLinkedPaymentProtocol.swift; sourceTree = "<group>"; };
		0C6FAC172873249C00B31EDF /* KevinCurrencyTextField.swift */ = {isa = PBXFileReference; fileEncoding = 4; lastKnownFileType = sourcecode.swift; path = KevinCurrencyTextField.swift; sourceTree = "<group>"; };
		0C6FAC1B2874226A00B31EDF /* CharacterSet+Extensions.swift */ = {isa = PBXFileReference; lastKnownFileType = sourcecode.swift; path = "CharacterSet+Extensions.swift"; sourceTree = "<group>"; };
		0C6FAC1E2874246800B31EDF /* KevinFormatter.swift */ = {isa = PBXFileReference; lastKnownFileType = sourcecode.swift; path = KevinFormatter.swift; sourceTree = "<group>"; };
		0C6FAC2028743B7500B31EDF /* ApiCharityAccount.swift */ = {isa = PBXFileReference; lastKnownFileType = sourcecode.swift; path = ApiCharityAccount.swift; sourceTree = "<group>"; };
		0C850BA82858A0E900194293 /* InitiateAccountLinkingRequest.swift */ = {isa = PBXFileReference; lastKnownFileType = sourcecode.swift; path = InitiateAccountLinkingRequest.swift; sourceTree = "<group>"; };
		0C850BAB2858A6BA00194293 /* LinkedBankRepository.swift */ = {isa = PBXFileReference; lastKnownFileType = sourcecode.swift; path = LinkedBankRepository.swift; sourceTree = "<group>"; };
		0C850BB32858A99100194293 /* LinkedBank.swift */ = {isa = PBXFileReference; lastKnownFileType = sourcecode.swift; path = LinkedBank.swift; sourceTree = "<group>"; };
		0C850BB52858AA0800194293 /* BankCredentials.swift */ = {isa = PBXFileReference; lastKnownFileType = sourcecode.swift; path = BankCredentials.swift; sourceTree = "<group>"; };
		0C850BBC2858B11E00194293 /* AccountsView.swift */ = {isa = PBXFileReference; lastKnownFileType = sourcecode.swift; path = AccountsView.swift; sourceTree = "<group>"; };
		0C850BBE2858B5FD00194293 /* Result+Extensions.swift */ = {isa = PBXFileReference; lastKnownFileType = sourcecode.swift; path = "Result+Extensions.swift"; sourceTree = "<group>"; };
		0C850BC02858B84B00194293 /* AccountCell.swift */ = {isa = PBXFileReference; lastKnownFileType = sourcecode.swift; path = AccountCell.swift; sourceTree = "<group>"; };
		0C850BC22858B9D700194293 /* NewAccountCell.swift */ = {isa = PBXFileReference; lastKnownFileType = sourcecode.swift; path = NewAccountCell.swift; sourceTree = "<group>"; };
		0CE4995C27B67AC8005E32D4 /* KevinEmailTextField.swift */ = {isa = PBXFileReference; lastKnownFileType = sourcecode.swift; path = KevinEmailTextField.swift; sourceTree = "<group>"; };
		0CE4995F27B67D1F005E32D4 /* KevinAgreementCheckMark.swift */ = {isa = PBXFileReference; lastKnownFileType = sourcecode.swift; path = KevinAgreementCheckMark.swift; sourceTree = "<group>"; };
		0CE4996127BA659C005E32D4 /* KevinCharityView.swift */ = {isa = PBXFileReference; lastKnownFileType = sourcecode.swift; path = KevinCharityView.swift; sourceTree = "<group>"; };
		0CE4996927BA9EC4005E32D4 /* KevinCountrySelector.swift */ = {isa = PBXFileReference; lastKnownFileType = sourcecode.swift; path = KevinCountrySelector.swift; sourceTree = "<group>"; };
		0CE4996C27BBE0F8005E32D4 /* PaymentType.swift */ = {isa = PBXFileReference; lastKnownFileType = sourcecode.swift; path = PaymentType.swift; sourceTree = "<group>"; };
		0CF565942857663B00853D8A /* MainView.swift */ = {isa = PBXFileReference; lastKnownFileType = sourcecode.swift; path = MainView.swift; sourceTree = "<group>"; };
		0CF5659E285767F000853D8A /* ApplicationTabs.swift */ = {isa = PBXFileReference; lastKnownFileType = sourcecode.swift; path = ApplicationTabs.swift; sourceTree = "<group>"; };
		0CF565A0285777DD00853D8A /* AccountLinkingView.swift */ = {isa = PBXFileReference; lastKnownFileType = sourcecode.swift; path = AccountLinkingView.swift; sourceTree = "<group>"; };
		0CF565A32857789600853D8A /* NoAccountsView.swift */ = {isa = PBXFileReference; lastKnownFileType = sourcecode.swift; path = NoAccountsView.swift; sourceTree = "<group>"; };
		0CF565A52857858800853D8A /* MainButtonStyle.swift */ = {isa = PBXFileReference; lastKnownFileType = sourcecode.swift; path = MainButtonStyle.swift; sourceTree = "<group>"; };
		0CF565A7285786A600853D8A /* AccountLinkingViewModel.swift */ = {isa = PBXFileReference; lastKnownFileType = sourcecode.swift; path = AccountLinkingViewModel.swift; sourceTree = "<group>"; };
		0CF565A9285786B100853D8A /* AccountLinkingViewState.swift */ = {isa = PBXFileReference; lastKnownFileType = sourcecode.swift; path = AccountLinkingViewState.swift; sourceTree = "<group>"; };
		0CF565AB285876B100853D8A /* BankCredentialsPreferences.swift */ = {isa = PBXFileReference; lastKnownFileType = sourcecode.swift; path = BankCredentialsPreferences.swift; sourceTree = "<group>"; };
		0CF565AD285878E100853D8A /* GetAccessTokenRequest.swift */ = {isa = PBXFileReference; lastKnownFileType = sourcecode.swift; path = GetAccessTokenRequest.swift; sourceTree = "<group>"; };
		0CF565AF2858794000853D8A /* RefreshAccessTokenRequest.swift */ = {isa = PBXFileReference; lastKnownFileType = sourcecode.swift; path = RefreshAccessTokenRequest.swift; sourceTree = "<group>"; };
		0CF565B128587A5500853D8A /* ApiAccessToken.swift */ = {isa = PBXFileReference; lastKnownFileType = sourcecode.swift; path = ApiAccessToken.swift; sourceTree = "<group>"; };
		0CFAE6A4285B574300F55F74 /* KevinLinkedBankSelector.swift */ = {isa = PBXFileReference; lastKnownFileType = sourcecode.swift; path = KevinLinkedBankSelector.swift; sourceTree = "<group>"; };
		0CFAE6A6285B8B4000F55F74 /* KevinBankError.swift */ = {isa = PBXFileReference; lastKnownFileType = sourcecode.swift; path = KevinBankError.swift; sourceTree = "<group>"; };
		0CFAE6C2285B959C00F55F74 /* HalfASheetConfiguration.swift */ = {isa = PBXFileReference; lastKnownFileType = sourcecode.swift; path = HalfASheetConfiguration.swift; sourceTree = "<group>"; };
		272CA8E526B4404F00978AA7 /* KevinViewControllerRepresentable.swift */ = {isa = PBXFileReference; lastKnownFileType = sourcecode.swift; path = KevinViewControllerRepresentable.swift; sourceTree = "<group>"; };
		272CA8EE26B456A500978AA7 /* en */ = {isa = PBXFileReference; lastKnownFileType = text.plist.strings; name = en; path = Localizable.strings; sourceTree = "<group>"; };
		272CA8F326B45E4E00978AA7 /* PaymentViewState.swift */ = {isa = PBXFileReference; lastKnownFileType = sourcecode.swift; path = PaymentViewState.swift; sourceTree = "<group>"; };
		2782B44D2778912D004A9E05 /* GetAuthStateRequest.swift */ = {isa = PBXFileReference; lastKnownFileType = sourcecode.swift; path = GetAuthStateRequest.swift; sourceTree = "<group>"; };
		2782B44F277892D6004A9E05 /* InitiatePaymentRequest.swift */ = {isa = PBXFileReference; lastKnownFileType = sourcecode.swift; path = InitiatePaymentRequest.swift; sourceTree = "<group>"; };
		27B1808926807338001E0C50 /* PaymentViewModel.swift */ = {isa = PBXFileReference; lastKnownFileType = sourcecode.swift; path = PaymentViewModel.swift; sourceTree = "<group>"; };
		27B1809926807920001E0C50 /* BaseApiRequestAdapter.swift */ = {isa = PBXFileReference; lastKnownFileType = sourcecode.swift; path = BaseApiRequestAdapter.swift; sourceTree = "<group>"; };
		27B1809B26807949001E0C50 /* RequestHeaders.swift */ = {isa = PBXFileReference; lastKnownFileType = sourcecode.swift; path = RequestHeaders.swift; sourceTree = "<group>"; };
		27B1809D26807984001E0C50 /* URLRequestHeader.swift */ = {isa = PBXFileReference; lastKnownFileType = sourcecode.swift; path = URLRequestHeader.swift; sourceTree = "<group>"; };
		27B180A026807C13001E0C50 /* DemoApiRequestRouter.swift */ = {isa = PBXFileReference; lastKnownFileType = sourcecode.swift; path = DemoApiRequestRouter.swift; sourceTree = "<group>"; };
		27B180A226807D78001E0C50 /* BaseApiClient.swift */ = {isa = PBXFileReference; lastKnownFileType = sourcecode.swift; path = BaseApiClient.swift; sourceTree = "<group>"; };
		27B180A426807E1E001E0C50 /* ApiError.swift */ = {isa = PBXFileReference; lastKnownFileType = sourcecode.swift; path = ApiError.swift; sourceTree = "<group>"; };
		27B180AA26807EF3001E0C50 /* JWTCredentials.swift */ = {isa = PBXFileReference; lastKnownFileType = sourcecode.swift; path = JWTCredentials.swift; sourceTree = "<group>"; };
		27B180AC26807F14001E0C50 /* ApiRequest.swift */ = {isa = PBXFileReference; lastKnownFileType = sourcecode.swift; path = ApiRequest.swift; sourceTree = "<group>"; };
		27B180AF26807F86001E0C50 /* TokenRefresherProtocol.swift */ = {isa = PBXFileReference; lastKnownFileType = sourcecode.swift; path = TokenRefresherProtocol.swift; sourceTree = "<group>"; };
		27B180B126807FA3001E0C50 /* LoggerProtocol.swift */ = {isa = PBXFileReference; lastKnownFileType = sourcecode.swift; path = LoggerProtocol.swift; sourceTree = "<group>"; };
		27B180B42680805B001E0C50 /* ApiAuthState.swift */ = {isa = PBXFileReference; lastKnownFileType = sourcecode.swift; path = ApiAuthState.swift; sourceTree = "<group>"; };
		27B180B62680809B001E0C50 /* ApiPayment.swift */ = {isa = PBXFileReference; lastKnownFileType = sourcecode.swift; path = ApiPayment.swift; sourceTree = "<group>"; };
		27B180B8268080E2001E0C50 /* DemoApiClient.swift */ = {isa = PBXFileReference; lastKnownFileType = sourcecode.swift; path = DemoApiClient.swift; sourceTree = "<group>"; };
		27B180BA26808147001E0C50 /* DemoApiClientFactory.swift */ = {isa = PBXFileReference; lastKnownFileType = sourcecode.swift; path = DemoApiClientFactory.swift; sourceTree = "<group>"; };
		27C350F5267372FA00A3A17F /* KevinDemo.app */ = {isa = PBXFileReference; explicitFileType = wrapper.application; includeInIndex = 0; path = KevinDemo.app; sourceTree = BUILT_PRODUCTS_DIR; };
		27C350F8267372FA00A3A17F /* KevinDemoApp.swift */ = {isa = PBXFileReference; lastKnownFileType = sourcecode.swift; path = KevinDemoApp.swift; sourceTree = "<group>"; };
		27C350FA267372FA00A3A17F /* PaymentView.swift */ = {isa = PBXFileReference; lastKnownFileType = sourcecode.swift; path = PaymentView.swift; sourceTree = "<group>"; };
		27C350FC267372FB00A3A17F /* Assets.xcassets */ = {isa = PBXFileReference; lastKnownFileType = folder.assetcatalog; path = Assets.xcassets; sourceTree = "<group>"; };
		27C35101267372FB00A3A17F /* Info.plist */ = {isa = PBXFileReference; lastKnownFileType = text.plist.xml; path = Info.plist; sourceTree = "<group>"; };
		27C35106267372FB00A3A17F /* KevinDemoTests.xctest */ = {isa = PBXFileReference; explicitFileType = wrapper.cfbundle; includeInIndex = 0; path = KevinDemoTests.xctest; sourceTree = BUILT_PRODUCTS_DIR; };
		27C3510A267372FB00A3A17F /* KevinDemoTests.swift */ = {isa = PBXFileReference; lastKnownFileType = sourcecode.swift; path = KevinDemoTests.swift; sourceTree = "<group>"; };
		27C3510C267372FB00A3A17F /* Info.plist */ = {isa = PBXFileReference; lastKnownFileType = text.plist.xml; path = Info.plist; sourceTree = "<group>"; };
		27C35111267372FB00A3A17F /* KevinDemoUITests.xctest */ = {isa = PBXFileReference; explicitFileType = wrapper.cfbundle; includeInIndex = 0; path = KevinDemoUITests.xctest; sourceTree = BUILT_PRODUCTS_DIR; };
		27C35115267372FB00A3A17F /* KevinDemoUITests.swift */ = {isa = PBXFileReference; lastKnownFileType = sourcecode.swift; path = KevinDemoUITests.swift; sourceTree = "<group>"; };
		27C35117267372FB00A3A17F /* Info.plist */ = {isa = PBXFileReference; lastKnownFileType = text.plist.xml; path = Info.plist; sourceTree = "<group>"; };
		27D384FC27651C13001395C0 /* DemoKevinTheme.swift */ = {isa = PBXFileReference; lastKnownFileType = sourcecode.swift; path = DemoKevinTheme.swift; sourceTree = "<group>"; };
		27F1220E27CA488200D1DFFB /* StyleModifier.swift */ = {isa = PBXFileReference; lastKnownFileType = sourcecode.swift; path = StyleModifier.swift; sourceTree = "<group>"; };
/* End PBXFileReference section */

/* Begin PBXFrameworksBuildPhase section */
		27C350F2267372FA00A3A17F /* Frameworks */ = {
			isa = PBXFrameworksBuildPhase;
			buildActionMask = 2147483647;
			files = (
				0C0C13A128590F6500607CE9 /* SDWebImageSwiftUI in Frameworks */,
				0CE4996527BA65D8005E32D4 /* SDWebImageSwiftUI in Frameworks */,
				27EF269026B806D90085FDC7 /* .kevin in Frameworks */,
				27B18095268078CE001E0C50 /* Alamofire in Frameworks */,
				0C630C02285A410600E6FAD1 /* AttributedText in Frameworks */,
				272CA8F226B4575200978AA7 /* Localize_Swift in Frameworks */,
				27B180A826807EA2001E0C50 /* JWTDecode in Frameworks */,
				0C850BAF2858A8BE00194293 /* Realm in Frameworks */,
				27B1809226807898001E0C50 /* PromiseKit in Frameworks */,
				0C850BB12858A8BE00194293 /* RealmSwift in Frameworks */,
				0C850BB92858AAB200194293 /* SwiftKeychainWrapper in Frameworks */,
				0CE7379C27C781BA0010C934 /* HalfASheet in Frameworks */,
			);
			runOnlyForDeploymentPostprocessing = 0;
		};
		27C35103267372FB00A3A17F /* Frameworks */ = {
			isa = PBXFrameworksBuildPhase;
			buildActionMask = 2147483647;
			files = (
			);
			runOnlyForDeploymentPostprocessing = 0;
		};
		27C3510E267372FB00A3A17F /* Frameworks */ = {
			isa = PBXFrameworksBuildPhase;
			buildActionMask = 2147483647;
			files = (
			);
			runOnlyForDeploymentPostprocessing = 0;
		};
/* End PBXFrameworksBuildPhase section */

/* Begin PBXGroup section */
		0C005FA62861C5E6003C767F /* KevinTextField */ = {
			isa = PBXGroup;
			children = (
				0C6FAC172873249C00B31EDF /* KevinCurrencyTextField.swift */,
				0CE4995C27B67AC8005E32D4 /* KevinEmailTextField.swift */,
			);
			path = KevinTextField;
			sourceTree = "<group>";
		};
		0C08544E27B2680C0036EE48 /* Extensions */ = {
			isa = PBXGroup;
			children = (
				0C14500E27C3B74900FB3A3E /* String+Extensions.swift */,
				0C08544F27B268220036EE48 /* Text+Extensions.swift */,
				0C08546527B55AA70036EE48 /* View+Extensions.swift */,
				0C850BBE2858B5FD00194293 /* Result+Extensions.swift */,
				0C6FAC1B2874226A00B31EDF /* CharacterSet+Extensions.swift */,
				0C0C85EC287D7DA20079AEF2 /* Encodable+Extensions.swift */,
			);
			path = Extensions;
			sourceTree = "<group>";
		};
		0C08545527B28A210036EE48 /* Preferences */ = {
			isa = PBXGroup;
			children = (
				0CF565AB285876B100853D8A /* BankCredentialsPreferences.swift */,
			);
			path = Preferences;
			sourceTree = "<group>";
		};
		0C0C13A22859EBBF00607CE9 /* Views */ = {
			isa = PBXGroup;
			children = (
				0C005FA62861C5E6003C767F /* KevinTextField */,
				0C08545B27B3E1270036EE48 /* KevinCountrySelectionCell.swift */,
				0CE4996127BA659C005E32D4 /* KevinCharityView.swift */,
				0CE4996927BA9EC4005E32D4 /* KevinCountrySelector.swift */,
				0CE4995F27B67D1F005E32D4 /* KevinAgreementCheckMark.swift */,
				0C630C03285A435700E6FAD1 /* KevinPaymentTypeSelector.swift */,
				0CFAE6A4285B574300F55F74 /* KevinLinkedBankSelector.swift */,
				0C005FA92861C856003C767F /* KevinLinkedBankCell.swift */,
			);
			path = Views;
			sourceTree = "<group>";
		};
		0C0C85EE287EDF720079AEF2 /* Utils */ = {
			isa = PBXGroup;
			children = (
				0C0C85EF287EDF840079AEF2 /* ResponseDecoder.swift */,
			);
			path = Utils;
			sourceTree = "<group>";
		};
		0C630C05285B2B4000E6FAD1 /* UseCases */ = {
			isa = PBXGroup;
			children = (
				0C630C08285B2B8600E6FAD1 /* BasePaymentInitiationUseCase.swift */,
				0C630C10285B2BC500E6FAD1 /* BasePublishingUseCase.swift */,
				0C630C07285B2B8600E6FAD1 /* InitiateBankPaymentUseCase.swift */,
				0C630C06285B2B8600E6FAD1 /* InitiateCardPaymentUseCase.swift */,
				0C630C0A285B2B8600E6FAD1 /* InitiateLinkedBankPaymentUseCase.swift */,
				0C630C09285B2B8600E6FAD1 /* LinkAccountUseCase.swift */,
			);
			path = UseCases;
			sourceTree = "<group>";
		};
		0C630C14285B2C1300E6FAD1 /* Errors */ = {
			isa = PBXGroup;
			children = (
				0CFAE6A6285B8B4000F55F74 /* KevinBankError.swift */,
			);
			path = Errors;
			sourceTree = "<group>";
		};
		0C630C17285B2E6200E6FAD1 /* Protocols */ = {
			isa = PBXGroup;
			children = (
				0C630C19285B2E7900E6FAD1 /* InitiateLinkedPaymentProtocol.swift */,
				0C630C18285B2E7900E6FAD1 /* InitiatePaymentProtocol.swift */,
			);
			path = Protocols;
			sourceTree = "<group>";
		};
		0C6FAC1D2874245C00B31EDF /* Utils */ = {
			isa = PBXGroup;
			children = (
				0C6FAC1E2874246800B31EDF /* KevinFormatter.swift */,
			);
			path = Utils;
			sourceTree = "<group>";
		};
		0C850BAA2858A6A800194293 /* Repositories */ = {
			isa = PBXGroup;
			children = (
				0C850BAB2858A6BA00194293 /* LinkedBankRepository.swift */,
			);
			path = Repositories;
			sourceTree = "<group>";
		};
		0C850BB22858A98900194293 /* Entities */ = {
			isa = PBXGroup;
			children = (
				0C850BB32858A99100194293 /* LinkedBank.swift */,
				0C850BB52858AA0800194293 /* BankCredentials.swift */,
			);
			path = Entities;
			sourceTree = "<group>";
		};
		0CE4995927B679E9005E32D4 /* Views */ = {
			isa = PBXGroup;
			children = (
				27EF25D526B6734D0085FDC7 /* Custom */,
				272CA8E426B4402200978AA7 /* Representables */,
			);
			path = Views;
			sourceTree = "<group>";
		};
		0CE4996B27BBE06B005E32D4 /* Enums */ = {
			isa = PBXGroup;
			children = (
				0CF5659E285767F000853D8A /* ApplicationTabs.swift */,
				0CE4996C27BBE0F8005E32D4 /* PaymentType.swift */,
				0C0C13AC2859FC8700607CE9 /* FontWeight.swift */,
				0C630C12285B2BE500E6FAD1 /* KevinInitiationState.swift */,
			);
			path = Enums;
			sourceTree = "<group>";
		};
		0CF56596285766B400853D8A /* Stories */ = {
			isa = PBXGroup;
			children = (
				0CF56598285766D200853D8A /* AccountLinking */,
				0CF56599285766DC00853D8A /* Payment */,
				0CF56597285766C400853D8A /* MainView */,
			);
			path = Stories;
			sourceTree = "<group>";
		};
		0CF56597285766C400853D8A /* MainView */ = {
			isa = PBXGroup;
			children = (
				0CF565942857663B00853D8A /* MainView.swift */,
			);
			path = MainView;
			sourceTree = "<group>";
		};
		0CF56598285766D200853D8A /* AccountLinking */ = {
			isa = PBXGroup;
			children = (
				0CF565A22857788700853D8A /* Views */,
				0CF565A0285777DD00853D8A /* AccountLinkingView.swift */,
				0CF565A7285786A600853D8A /* AccountLinkingViewModel.swift */,
				0CF565A9285786B100853D8A /* AccountLinkingViewState.swift */,
			);
			path = AccountLinking;
			sourceTree = "<group>";
		};
		0CF56599285766DC00853D8A /* Payment */ = {
			isa = PBXGroup;
			children = (
				0C0C13A22859EBBF00607CE9 /* Views */,
				27C350FA267372FA00A3A17F /* PaymentView.swift */,
				27B1808926807338001E0C50 /* PaymentViewModel.swift */,
				272CA8F326B45E4E00978AA7 /* PaymentViewState.swift */,
			);
			path = Payment;
			sourceTree = "<group>";
		};
		0CF565A22857788700853D8A /* Views */ = {
			isa = PBXGroup;
			children = (
				0CF565A32857789600853D8A /* NoAccountsView.swift */,
				0C850BBC2858B11E00194293 /* AccountsView.swift */,
				0C850BC02858B84B00194293 /* AccountCell.swift */,
				0C850BC22858B9D700194293 /* NewAccountCell.swift */,
			);
			path = Views;
			sourceTree = "<group>";
		};
		272CA8E126B426C300978AA7 /* Styles */ = {
			isa = PBXGroup;
			children = (
				27D384FC27651C13001395C0 /* DemoKevinTheme.swift */,
				27F1220E27CA488200D1DFFB /* StyleModifier.swift */,
				0C08545127B268830036EE48 /* TextStyles.swift */,
				0CF565A52857858800853D8A /* MainButtonStyle.swift */,
				0CFAE6C2285B959C00F55F74 /* HalfASheetConfiguration.swift */,
			);
			path = Styles;
			sourceTree = "<group>";
		};
		272CA8E426B4402200978AA7 /* Representables */ = {
			isa = PBXGroup;
			children = (
				272CA8E526B4404F00978AA7 /* KevinViewControllerRepresentable.swift */,
			);
			path = Representables;
			sourceTree = "<group>";
		};
		272CA8EB26B4560600978AA7 /* Resources */ = {
			isa = PBXGroup;
			children = (
				272CA8EC26B4567700978AA7 /* en.lproj */,
				27C35101267372FB00A3A17F /* Info.plist */,
				27C350FC267372FB00A3A17F /* Assets.xcassets */,
			);
			path = Resources;
			sourceTree = "<group>";
		};
		272CA8EC26B4567700978AA7 /* en.lproj */ = {
			isa = PBXGroup;
			children = (
				272CA8ED26B456A500978AA7 /* Localizable.strings */,
			);
			path = en.lproj;
			sourceTree = "<group>";
		};
		2782B44C27789115004A9E05 /* Requests */ = {
			isa = PBXGroup;
			children = (
				0C08546927B55C680036EE48 /* CharityListRequest.swift */,
				2782B44D2778912D004A9E05 /* GetAuthStateRequest.swift */,
				2782B44F277892D6004A9E05 /* InitiatePaymentRequest.swift */,
				0CF565AD285878E100853D8A /* GetAccessTokenRequest.swift */,
				0CF565AF2858794000853D8A /* RefreshAccessTokenRequest.swift */,
				0C850BA82858A0E900194293 /* InitiateAccountLinkingRequest.swift */,
			);
			path = Requests;
			sourceTree = "<group>";
		};
		27B1808B26807606001E0C50 /* Networking */ = {
			isa = PBXGroup;
			children = (
				27B1809F26807BFB001E0C50 /* Base */,
				27B180B32680803F001E0C50 /* Entities */,
				2782B44C27789115004A9E05 /* Requests */,
				27B180B8268080E2001E0C50 /* DemoApiClient.swift */,
				27B180BA26808147001E0C50 /* DemoApiClientFactory.swift */,
				27B180A026807C13001E0C50 /* DemoApiRequestRouter.swift */,
			);
			path = Networking;
			sourceTree = "<group>";
		};
		27B1809F26807BFB001E0C50 /* Base */ = {
			isa = PBXGroup;
			children = (
				0C0C85EE287EDF720079AEF2 /* Utils */,
				27B180A926807EB2001E0C50 /* Entities */,
				27B180AE26807F72001E0C50 /* Protocols */,
				27B180A226807D78001E0C50 /* BaseApiClient.swift */,
				27B1809926807920001E0C50 /* BaseApiRequestAdapter.swift */,
			);
			path = Base;
			sourceTree = "<group>";
		};
		27B180A926807EB2001E0C50 /* Entities */ = {
			isa = PBXGroup;
			children = (
				27B180A426807E1E001E0C50 /* ApiError.swift */,
				27B180AC26807F14001E0C50 /* ApiRequest.swift */,
				27B180AA26807EF3001E0C50 /* JWTCredentials.swift */,
				27B1809B26807949001E0C50 /* RequestHeaders.swift */,
				27B1809D26807984001E0C50 /* URLRequestHeader.swift */,
			);
			path = Entities;
			sourceTree = "<group>";
		};
		27B180AE26807F72001E0C50 /* Protocols */ = {
			isa = PBXGroup;
			children = (
				27B180B126807FA3001E0C50 /* LoggerProtocol.swift */,
				27B180AF26807F86001E0C50 /* TokenRefresherProtocol.swift */,
			);
			path = Protocols;
			sourceTree = "<group>";
		};
		27B180B32680803F001E0C50 /* Entities */ = {
			isa = PBXGroup;
			children = (
				27B180B42680805B001E0C50 /* ApiAuthState.swift */,
				0C08546B27B55ED60036EE48 /* ApiCharities.swift */,
				0C08546727B55BA30036EE48 /* ApiCharity.swift */,
				0C6FAC2028743B7500B31EDF /* ApiCharityAccount.swift */,
				0C08546327B557FE0036EE48 /* ApiCountries.swift */,
				27B180B62680809B001E0C50 /* ApiPayment.swift */,
				0CF565B128587A5500853D8A /* ApiAccessToken.swift */,
			);
			path = Entities;
			sourceTree = "<group>";
		};
		27C350EC267372FA00A3A17F = {
			isa = PBXGroup;
			children = (
				27C350F7267372FA00A3A17F /* KevinDemo */,
				27C35109267372FB00A3A17F /* KevinDemoTests */,
				27C35114267372FB00A3A17F /* KevinDemoUITests */,
				27C350F6267372FA00A3A17F /* Products */,
				27C35124267375E100A3A17F /* Frameworks */,
			);
			sourceTree = "<group>";
		};
		27C350F6267372FA00A3A17F /* Products */ = {
			isa = PBXGroup;
			children = (
				27C350F5267372FA00A3A17F /* KevinDemo.app */,
				27C35106267372FB00A3A17F /* KevinDemoTests.xctest */,
				27C35111267372FB00A3A17F /* KevinDemoUITests.xctest */,
			);
			name = Products;
			sourceTree = "<group>";
		};
		27C350F7267372FA00A3A17F /* KevinDemo */ = {
			isa = PBXGroup;
			children = (
				0C6FAC1D2874245C00B31EDF /* Utils */,
				0C850BB22858A98900194293 /* Entities */,
				0CE4996B27BBE06B005E32D4 /* Enums */,
				0C630C14285B2C1300E6FAD1 /* Errors */,
				0C08544E27B2680C0036EE48 /* Extensions */,
				27B1808B26807606001E0C50 /* Networking */,
				0C08545527B28A210036EE48 /* Preferences */,
				0C630C17285B2E6200E6FAD1 /* Protocols */,
				0C850BAA2858A6A800194293 /* Repositories */,
				272CA8EB26B4560600978AA7 /* Resources */,
				0CF56596285766B400853D8A /* Stories */,
				272CA8E126B426C300978AA7 /* Styles */,
				0C630C05285B2B4000E6FAD1 /* UseCases */,
				0CE4995927B679E9005E32D4 /* Views */,
				27C350F8267372FA00A3A17F /* KevinDemoApp.swift */,
			);
			path = KevinDemo;
			sourceTree = "<group>";
		};
		27C35109267372FB00A3A17F /* KevinDemoTests */ = {
			isa = PBXGroup;
			children = (
				27C3510A267372FB00A3A17F /* KevinDemoTests.swift */,
				27C3510C267372FB00A3A17F /* Info.plist */,
			);
			path = KevinDemoTests;
			sourceTree = "<group>";
		};
		27C35114267372FB00A3A17F /* KevinDemoUITests */ = {
			isa = PBXGroup;
			children = (
				27C35115267372FB00A3A17F /* KevinDemoUITests.swift */,
				27C35117267372FB00A3A17F /* Info.plist */,
			);
			path = KevinDemoUITests;
			sourceTree = "<group>";
		};
		27C35124267375E100A3A17F /* Frameworks */ = {
			isa = PBXGroup;
			children = (
			);
			name = Frameworks;
			sourceTree = "<group>";
		};
		27EF25D526B6734D0085FDC7 /* Custom */ = {
			isa = PBXGroup;
			children = (
				0C14500427C369CD00FB3A3E /* KevinModalView.swift */,
			);
			path = Custom;
			sourceTree = "<group>";
		};
/* End PBXGroup section */

/* Begin PBXNativeTarget section */
		27C350F4267372FA00A3A17F /* KevinDemo */ = {
			isa = PBXNativeTarget;
			buildConfigurationList = 27C3511A267372FB00A3A17F /* Build configuration list for PBXNativeTarget "KevinDemo" */;
			buildPhases = (
				27C350F1267372FA00A3A17F /* Sources */,
				27C350F2267372FA00A3A17F /* Frameworks */,
				27C350F3267372FA00A3A17F /* Resources */,
			);
			buildRules = (
			);
			dependencies = (
			);
			name = KevinDemo;
			packageProductDependencies = (
				27B1809126807898001E0C50 /* PromiseKit */,
				27B18094268078CE001E0C50 /* Alamofire */,
				27B180A726807EA2001E0C50 /* JWTDecode */,
				272CA8F126B4575200978AA7 /* Localize_Swift */,
				27EF268F26B806D90085FDC7 /* .kevin */,
				0CE4996427BA65D8005E32D4 /* SDWebImageSwiftUI */,
				0CE7379B27C781BA0010C934 /* HalfASheet */,
				0C850BAE2858A8BE00194293 /* Realm */,
				0C850BB02858A8BE00194293 /* RealmSwift */,
				0C850BB82858AAB200194293 /* SwiftKeychainWrapper */,
				0C0C13A028590F6500607CE9 /* SDWebImageSwiftUI */,
				0C630C01285A410600E6FAD1 /* AttributedText */,
			);
			productName = KevinDemo;
			productReference = 27C350F5267372FA00A3A17F /* KevinDemo.app */;
			productType = "com.apple.product-type.application";
		};
		27C35105267372FB00A3A17F /* KevinDemoTests */ = {
			isa = PBXNativeTarget;
			buildConfigurationList = 27C3511D267372FB00A3A17F /* Build configuration list for PBXNativeTarget "KevinDemoTests" */;
			buildPhases = (
				27C35102267372FB00A3A17F /* Sources */,
				27C35103267372FB00A3A17F /* Frameworks */,
				27C35104267372FB00A3A17F /* Resources */,
			);
			buildRules = (
			);
			dependencies = (
				27C35108267372FB00A3A17F /* PBXTargetDependency */,
			);
			name = KevinDemoTests;
			productName = KevinDemoTests;
			productReference = 27C35106267372FB00A3A17F /* KevinDemoTests.xctest */;
			productType = "com.apple.product-type.bundle.unit-test";
		};
		27C35110267372FB00A3A17F /* KevinDemoUITests */ = {
			isa = PBXNativeTarget;
			buildConfigurationList = 27C35120267372FB00A3A17F /* Build configuration list for PBXNativeTarget "KevinDemoUITests" */;
			buildPhases = (
				27C3510D267372FB00A3A17F /* Sources */,
				27C3510E267372FB00A3A17F /* Frameworks */,
				27C3510F267372FB00A3A17F /* Resources */,
			);
			buildRules = (
			);
			dependencies = (
				27C35113267372FB00A3A17F /* PBXTargetDependency */,
			);
			name = KevinDemoUITests;
			productName = KevinDemoUITests;
			productReference = 27C35111267372FB00A3A17F /* KevinDemoUITests.xctest */;
			productType = "com.apple.product-type.bundle.ui-testing";
		};
/* End PBXNativeTarget section */

/* Begin PBXProject section */
		27C350ED267372FA00A3A17F /* Project object */ = {
			isa = PBXProject;
			attributes = {
				LastSwiftUpdateCheck = 1250;
				LastUpgradeCheck = 1250;
				TargetAttributes = {
					27C350F4267372FA00A3A17F = {
						CreatedOnToolsVersion = 12.5;
					};
					27C35105267372FB00A3A17F = {
						CreatedOnToolsVersion = 12.5;
						TestTargetID = 27C350F4267372FA00A3A17F;
					};
					27C35110267372FB00A3A17F = {
						CreatedOnToolsVersion = 12.5;
						TestTargetID = 27C350F4267372FA00A3A17F;
					};
				};
			};
			buildConfigurationList = 27C350F0267372FA00A3A17F /* Build configuration list for PBXProject "KevinDemo" */;
			compatibilityVersion = "Xcode 9.3";
			developmentRegion = en;
			hasScannedForEncodings = 0;
			knownRegions = (
				en,
				Base,
			);
			mainGroup = 27C350EC267372FA00A3A17F;
			packageReferences = (
				27B1809026807898001E0C50 /* XCRemoteSwiftPackageReference "PromiseKit" */,
				27B18093268078CE001E0C50 /* XCRemoteSwiftPackageReference "Alamofire" */,
				27B180A626807EA2001E0C50 /* XCRemoteSwiftPackageReference "JWTDecode" */,
				272CA8F026B4575200978AA7 /* XCRemoteSwiftPackageReference "Localize-Swift" */,
				27EF268E26B806D90085FDC7 /* XCRemoteSwiftPackageReference "kevin-ios" */,
				0CE4996327BA65D8005E32D4 /* XCRemoteSwiftPackageReference "SDWebImageSwiftUI" */,
				0CE7379A27C781BA0010C934 /* XCRemoteSwiftPackageReference "HalfASheet" */,
				0C850BAD2858A8BE00194293 /* XCRemoteSwiftPackageReference "realm-cocoa" */,
				0C850BB72858AAB200194293 /* XCRemoteSwiftPackageReference "SwiftKeychainWrapper" */,
				0C0C139F28590F6500607CE9 /* XCRemoteSwiftPackageReference "SDWebImageSwiftUI" */,
				0C630C00285A410600E6FAD1 /* XCRemoteSwiftPackageReference "AttributedText" */,
			);
			productRefGroup = 27C350F6267372FA00A3A17F /* Products */;
			projectDirPath = "";
			projectRoot = "";
			targets = (
				27C350F4267372FA00A3A17F /* KevinDemo */,
				27C35105267372FB00A3A17F /* KevinDemoTests */,
				27C35110267372FB00A3A17F /* KevinDemoUITests */,
			);
		};
/* End PBXProject section */

/* Begin PBXResourcesBuildPhase section */
		27C350F3267372FA00A3A17F /* Resources */ = {
			isa = PBXResourcesBuildPhase;
			buildActionMask = 2147483647;
			files = (
				272CA8EF26B456A500978AA7 /* Localizable.strings in Resources */,
				27C350FD267372FB00A3A17F /* Assets.xcassets in Resources */,
			);
			runOnlyForDeploymentPostprocessing = 0;
		};
		27C35104267372FB00A3A17F /* Resources */ = {
			isa = PBXResourcesBuildPhase;
			buildActionMask = 2147483647;
			files = (
			);
			runOnlyForDeploymentPostprocessing = 0;
		};
		27C3510F267372FB00A3A17F /* Resources */ = {
			isa = PBXResourcesBuildPhase;
			buildActionMask = 2147483647;
			files = (
			);
			runOnlyForDeploymentPostprocessing = 0;
		};
/* End PBXResourcesBuildPhase section */

/* Begin PBXSourcesBuildPhase section */
		27C350F1267372FA00A3A17F /* Sources */ = {
			isa = PBXSourcesBuildPhase;
			buildActionMask = 2147483647;
			files = (
				0C850BA92858A0E900194293 /* InitiateAccountLinkingRequest.swift in Sources */,
				0C08545C27B3E1270036EE48 /* KevinCountrySelectionCell.swift in Sources */,
				0CF5659F285767F000853D8A /* ApplicationTabs.swift in Sources */,
				0C0C85ED287D7DA20079AEF2 /* Encodable+Extensions.swift in Sources */,
				0C6FAC1C2874226A00B31EDF /* CharacterSet+Extensions.swift in Sources */,
				0C850BBD2858B11E00194293 /* AccountsView.swift in Sources */,
				0CE4996A27BA9EC4005E32D4 /* KevinCountrySelector.swift in Sources */,
				27B180B72680809B001E0C50 /* ApiPayment.swift in Sources */,
				27B180AB26807EF3001E0C50 /* JWTCredentials.swift in Sources */,
				0CE4996027B67D1F005E32D4 /* KevinAgreementCheckMark.swift in Sources */,
				0CF565A1285777DD00853D8A /* AccountLinkingView.swift in Sources */,
				27B1809C26807949001E0C50 /* RequestHeaders.swift in Sources */,
				0C6FAC2128743B7500B31EDF /* ApiCharityAccount.swift in Sources */,
				0C005FAA2861C856003C767F /* KevinLinkedBankCell.swift in Sources */,
				0CF565AE285878E100853D8A /* GetAccessTokenRequest.swift in Sources */,
				0CF565B02858794000853D8A /* RefreshAccessTokenRequest.swift in Sources */,
				0CFAE6C3285B959C00F55F74 /* HalfASheetConfiguration.swift in Sources */,
				27B1809A26807920001E0C50 /* BaseApiRequestAdapter.swift in Sources */,
				0C850BB62858AA0800194293 /* BankCredentials.swift in Sources */,
				2782B44E2778912D004A9E05 /* GetAuthStateRequest.swift in Sources */,
				272CA8F426B45E4E00978AA7 /* PaymentViewState.swift in Sources */,
				0C630C0D285B2B8600E6FAD1 /* BasePaymentInitiationUseCase.swift in Sources */,
				0CE4996227BA659C005E32D4 /* KevinCharityView.swift in Sources */,
				27B180A326807D78001E0C50 /* BaseApiClient.swift in Sources */,
				0C850BB42858A99100194293 /* LinkedBank.swift in Sources */,
				0CF565A42857789600853D8A /* NoAccountsView.swift in Sources */,
				0C630C13285B2BE500E6FAD1 /* KevinInitiationState.swift in Sources */,
				27B180B026807F86001E0C50 /* TokenRefresherProtocol.swift in Sources */,
				27B180A126807C13001E0C50 /* DemoApiRequestRouter.swift in Sources */,
				0C08546A27B55C680036EE48 /* CharityListRequest.swift in Sources */,
				272CA8E626B4404F00978AA7 /* KevinViewControllerRepresentable.swift in Sources */,
				0C630C0B285B2B8600E6FAD1 /* InitiateCardPaymentUseCase.swift in Sources */,
				27C350FB267372FA00A3A17F /* PaymentView.swift in Sources */,
				0C08546827B55BA30036EE48 /* ApiCharity.swift in Sources */,
				0CF565952857663B00853D8A /* MainView.swift in Sources */,
				27B180A526807E1E001E0C50 /* ApiError.swift in Sources */,
				27B180B52680805B001E0C50 /* ApiAuthState.swift in Sources */,
				0CE4995D27B67AC8005E32D4 /* KevinEmailTextField.swift in Sources */,
				0C14500527C369CE00FB3A3E /* KevinModalView.swift in Sources */,
				0C08546C27B55ED60036EE48 /* ApiCharities.swift in Sources */,
				0C0C13AD2859FC8700607CE9 /* FontWeight.swift in Sources */,
				2782B450277892D6004A9E05 /* InitiatePaymentRequest.swift in Sources */,
				27D384FD27651C13001395C0 /* DemoKevinTheme.swift in Sources */,
				27C350F9267372FA00A3A17F /* KevinDemoApp.swift in Sources */,
				27B1809E26807984001E0C50 /* URLRequestHeader.swift in Sources */,
				0CF565B228587A5500853D8A /* ApiAccessToken.swift in Sources */,
				0C630C1B285B2E7900E6FAD1 /* InitiateLinkedPaymentProtocol.swift in Sources */,
				0CFAE6A5285B574300F55F74 /* KevinLinkedBankSelector.swift in Sources */,
				27B180B9268080E2001E0C50 /* DemoApiClient.swift in Sources */,
				0C0C85F0287EDF840079AEF2 /* ResponseDecoder.swift in Sources */,
				27B180AD26807F14001E0C50 /* ApiRequest.swift in Sources */,
				0C630C0F285B2B8600E6FAD1 /* InitiateLinkedBankPaymentUseCase.swift in Sources */,
				0CFAE6A7285B8B4000F55F74 /* KevinBankError.swift in Sources */,
				0C08546627B55AA70036EE48 /* View+Extensions.swift in Sources */,
				0CF565A8285786A600853D8A /* AccountLinkingViewModel.swift in Sources */,
				27B1808A26807338001E0C50 /* PaymentViewModel.swift in Sources */,
				0C08545227B268830036EE48 /* TextStyles.swift in Sources */,
				0C630C0C285B2B8600E6FAD1 /* InitiateBankPaymentUseCase.swift in Sources */,
				0CF565A62857858800853D8A /* MainButtonStyle.swift in Sources */,
				0C850BC32858B9D700194293 /* NewAccountCell.swift in Sources */,
				27B180B226807FA3001E0C50 /* LoggerProtocol.swift in Sources */,
				0C6FAC182873249C00B31EDF /* KevinCurrencyTextField.swift in Sources */,
				0CE4996D27BBE0F8005E32D4 /* PaymentType.swift in Sources */,
				0C6FAC1F2874246800B31EDF /* KevinFormatter.swift in Sources */,
				0C630C11285B2BC500E6FAD1 /* BasePublishingUseCase.swift in Sources */,
				0CF565AC285876B100853D8A /* BankCredentialsPreferences.swift in Sources */,
				0C630C1A285B2E7900E6FAD1 /* InitiatePaymentProtocol.swift in Sources */,
				27B180BB26808147001E0C50 /* DemoApiClientFactory.swift in Sources */,
				0C14500F27C3B74900FB3A3E /* String+Extensions.swift in Sources */,
				0C630C0E285B2B8600E6FAD1 /* LinkAccountUseCase.swift in Sources */,
				0C850BAC2858A6BA00194293 /* LinkedBankRepository.swift in Sources */,
				0C630C04285A435700E6FAD1 /* KevinPaymentTypeSelector.swift in Sources */,
				0C850BC12858B84B00194293 /* AccountCell.swift in Sources */,
				0C08546427B557FE0036EE48 /* ApiCountries.swift in Sources */,
				0C08545027B268220036EE48 /* Text+Extensions.swift in Sources */,
				0CF565AA285786B100853D8A /* AccountLinkingViewState.swift in Sources */,
				0C850BBF2858B5FD00194293 /* Result+Extensions.swift in Sources */,
				27F1220F27CA488200D1DFFB /* StyleModifier.swift in Sources */,
			);
			runOnlyForDeploymentPostprocessing = 0;
		};
		27C35102267372FB00A3A17F /* Sources */ = {
			isa = PBXSourcesBuildPhase;
			buildActionMask = 2147483647;
			files = (
				27C3510B267372FB00A3A17F /* KevinDemoTests.swift in Sources */,
			);
			runOnlyForDeploymentPostprocessing = 0;
		};
		27C3510D267372FB00A3A17F /* Sources */ = {
			isa = PBXSourcesBuildPhase;
			buildActionMask = 2147483647;
			files = (
				27C35116267372FB00A3A17F /* KevinDemoUITests.swift in Sources */,
			);
			runOnlyForDeploymentPostprocessing = 0;
		};
/* End PBXSourcesBuildPhase section */

/* Begin PBXTargetDependency section */
		27C35108267372FB00A3A17F /* PBXTargetDependency */ = {
			isa = PBXTargetDependency;
			target = 27C350F4267372FA00A3A17F /* KevinDemo */;
			targetProxy = 27C35107267372FB00A3A17F /* PBXContainerItemProxy */;
		};
		27C35113267372FB00A3A17F /* PBXTargetDependency */ = {
			isa = PBXTargetDependency;
			target = 27C350F4267372FA00A3A17F /* KevinDemo */;
			targetProxy = 27C35112267372FB00A3A17F /* PBXContainerItemProxy */;
		};
/* End PBXTargetDependency section */

/* Begin PBXVariantGroup section */
		272CA8ED26B456A500978AA7 /* Localizable.strings */ = {
			isa = PBXVariantGroup;
			children = (
				272CA8EE26B456A500978AA7 /* en */,
			);
			name = Localizable.strings;
			sourceTree = "<group>";
		};
/* End PBXVariantGroup section */

/* Begin XCBuildConfiguration section */
		27C35118267372FB00A3A17F /* Debug */ = {
			isa = XCBuildConfiguration;
			buildSettings = {
				ALWAYS_SEARCH_USER_PATHS = NO;
				CLANG_ANALYZER_NONNULL = YES;
				CLANG_ANALYZER_NUMBER_OBJECT_CONVERSION = YES_AGGRESSIVE;
				CLANG_CXX_LANGUAGE_STANDARD = "gnu++14";
				CLANG_CXX_LIBRARY = "libc++";
				CLANG_ENABLE_MODULES = YES;
				CLANG_ENABLE_OBJC_ARC = YES;
				CLANG_ENABLE_OBJC_WEAK = YES;
				CLANG_WARN_BLOCK_CAPTURE_AUTORELEASING = YES;
				CLANG_WARN_BOOL_CONVERSION = YES;
				CLANG_WARN_COMMA = YES;
				CLANG_WARN_CONSTANT_CONVERSION = YES;
				CLANG_WARN_DEPRECATED_OBJC_IMPLEMENTATIONS = YES;
				CLANG_WARN_DIRECT_OBJC_ISA_USAGE = YES_ERROR;
				CLANG_WARN_DOCUMENTATION_COMMENTS = YES;
				CLANG_WARN_EMPTY_BODY = YES;
				CLANG_WARN_ENUM_CONVERSION = YES;
				CLANG_WARN_INFINITE_RECURSION = YES;
				CLANG_WARN_INT_CONVERSION = YES;
				CLANG_WARN_NON_LITERAL_NULL_CONVERSION = YES;
				CLANG_WARN_OBJC_IMPLICIT_RETAIN_SELF = YES;
				CLANG_WARN_OBJC_LITERAL_CONVERSION = YES;
				CLANG_WARN_OBJC_ROOT_CLASS = YES_ERROR;
				CLANG_WARN_QUOTED_INCLUDE_IN_FRAMEWORK_HEADER = YES;
				CLANG_WARN_RANGE_LOOP_ANALYSIS = YES;
				CLANG_WARN_STRICT_PROTOTYPES = YES;
				CLANG_WARN_SUSPICIOUS_MOVE = YES;
				CLANG_WARN_UNGUARDED_AVAILABILITY = YES_AGGRESSIVE;
				CLANG_WARN_UNREACHABLE_CODE = YES;
				CLANG_WARN__DUPLICATE_METHOD_MATCH = YES;
				COPY_PHASE_STRIP = NO;
				DEBUG_INFORMATION_FORMAT = dwarf;
				ENABLE_STRICT_OBJC_MSGSEND = YES;
				ENABLE_TESTABILITY = YES;
				GCC_C_LANGUAGE_STANDARD = gnu11;
				GCC_DYNAMIC_NO_PIC = NO;
				GCC_NO_COMMON_BLOCKS = YES;
				GCC_OPTIMIZATION_LEVEL = 0;
				GCC_PREPROCESSOR_DEFINITIONS = (
					"DEBUG=1",
					"$(inherited)",
				);
				GCC_WARN_64_TO_32_BIT_CONVERSION = YES;
				GCC_WARN_ABOUT_RETURN_TYPE = YES_ERROR;
				GCC_WARN_UNDECLARED_SELECTOR = YES;
				GCC_WARN_UNINITIALIZED_AUTOS = YES_AGGRESSIVE;
				GCC_WARN_UNUSED_FUNCTION = YES;
				GCC_WARN_UNUSED_VARIABLE = YES;
				IPHONEOS_DEPLOYMENT_TARGET = 14.5;
				MTL_ENABLE_DEBUG_INFO = INCLUDE_SOURCE;
				MTL_FAST_MATH = YES;
				ONLY_ACTIVE_ARCH = YES;
				SDKROOT = iphoneos;
				SWIFT_ACTIVE_COMPILATION_CONDITIONS = DEBUG;
				SWIFT_OPTIMIZATION_LEVEL = "-Onone";
			};
			name = Debug;
		};
		27C35119267372FB00A3A17F /* Release */ = {
			isa = XCBuildConfiguration;
			buildSettings = {
				ALWAYS_SEARCH_USER_PATHS = NO;
				CLANG_ANALYZER_NONNULL = YES;
				CLANG_ANALYZER_NUMBER_OBJECT_CONVERSION = YES_AGGRESSIVE;
				CLANG_CXX_LANGUAGE_STANDARD = "gnu++14";
				CLANG_CXX_LIBRARY = "libc++";
				CLANG_ENABLE_MODULES = YES;
				CLANG_ENABLE_OBJC_ARC = YES;
				CLANG_ENABLE_OBJC_WEAK = YES;
				CLANG_WARN_BLOCK_CAPTURE_AUTORELEASING = YES;
				CLANG_WARN_BOOL_CONVERSION = YES;
				CLANG_WARN_COMMA = YES;
				CLANG_WARN_CONSTANT_CONVERSION = YES;
				CLANG_WARN_DEPRECATED_OBJC_IMPLEMENTATIONS = YES;
				CLANG_WARN_DIRECT_OBJC_ISA_USAGE = YES_ERROR;
				CLANG_WARN_DOCUMENTATION_COMMENTS = YES;
				CLANG_WARN_EMPTY_BODY = YES;
				CLANG_WARN_ENUM_CONVERSION = YES;
				CLANG_WARN_INFINITE_RECURSION = YES;
				CLANG_WARN_INT_CONVERSION = YES;
				CLANG_WARN_NON_LITERAL_NULL_CONVERSION = YES;
				CLANG_WARN_OBJC_IMPLICIT_RETAIN_SELF = YES;
				CLANG_WARN_OBJC_LITERAL_CONVERSION = YES;
				CLANG_WARN_OBJC_ROOT_CLASS = YES_ERROR;
				CLANG_WARN_QUOTED_INCLUDE_IN_FRAMEWORK_HEADER = YES;
				CLANG_WARN_RANGE_LOOP_ANALYSIS = YES;
				CLANG_WARN_STRICT_PROTOTYPES = YES;
				CLANG_WARN_SUSPICIOUS_MOVE = YES;
				CLANG_WARN_UNGUARDED_AVAILABILITY = YES_AGGRESSIVE;
				CLANG_WARN_UNREACHABLE_CODE = YES;
				CLANG_WARN__DUPLICATE_METHOD_MATCH = YES;
				COPY_PHASE_STRIP = NO;
				DEBUG_INFORMATION_FORMAT = "dwarf-with-dsym";
				ENABLE_NS_ASSERTIONS = NO;
				ENABLE_STRICT_OBJC_MSGSEND = YES;
				GCC_C_LANGUAGE_STANDARD = gnu11;
				GCC_NO_COMMON_BLOCKS = YES;
				GCC_WARN_64_TO_32_BIT_CONVERSION = YES;
				GCC_WARN_ABOUT_RETURN_TYPE = YES_ERROR;
				GCC_WARN_UNDECLARED_SELECTOR = YES;
				GCC_WARN_UNINITIALIZED_AUTOS = YES_AGGRESSIVE;
				GCC_WARN_UNUSED_FUNCTION = YES;
				GCC_WARN_UNUSED_VARIABLE = YES;
				IPHONEOS_DEPLOYMENT_TARGET = 14.5;
				MTL_ENABLE_DEBUG_INFO = NO;
				MTL_FAST_MATH = YES;
				SDKROOT = iphoneos;
				SWIFT_COMPILATION_MODE = wholemodule;
				SWIFT_OPTIMIZATION_LEVEL = "-O";
				VALIDATE_PRODUCT = YES;
			};
			name = Release;
		};
		27C3511B267372FB00A3A17F /* Debug */ = {
			isa = XCBuildConfiguration;
			buildSettings = {
				ASSETCATALOG_COMPILER_APPICON_NAME = AppIcon;
				ASSETCATALOG_COMPILER_GLOBAL_ACCENT_COLOR_NAME = AccentColor;
				CODE_SIGN_STYLE = Automatic;
				DEVELOPMENT_ASSET_PATHS = "\"KevinDemo/Preview Content\"";
				DEVELOPMENT_TEAM = QB5T5787CS;
				ENABLE_PREVIEWS = YES;
				INFOPLIST_FILE = KevinDemo/Resources/Info.plist;
				IPHONEOS_DEPLOYMENT_TARGET = 14.0;
				LD_RUNPATH_SEARCH_PATHS = (
					"$(inherited)",
					"@executable_path/Frameworks",
				);
				PRODUCT_BUNDLE_IDENTIFIER = eu.kevin.KevinDemo;
				PRODUCT_NAME = "$(TARGET_NAME)";
				SWIFT_VERSION = 5.0;
				TARGETED_DEVICE_FAMILY = "1,2";
			};
			name = Debug;
		};
		27C3511C267372FB00A3A17F /* Release */ = {
			isa = XCBuildConfiguration;
			buildSettings = {
				ASSETCATALOG_COMPILER_APPICON_NAME = AppIcon;
				ASSETCATALOG_COMPILER_GLOBAL_ACCENT_COLOR_NAME = AccentColor;
				CODE_SIGN_STYLE = Automatic;
				DEVELOPMENT_ASSET_PATHS = "\"KevinDemo/Preview Content\"";
				DEVELOPMENT_TEAM = QB5T5787CS;
				ENABLE_PREVIEWS = YES;
				INFOPLIST_FILE = KevinDemo/Resources/Info.plist;
				IPHONEOS_DEPLOYMENT_TARGET = 14.0;
				LD_RUNPATH_SEARCH_PATHS = (
					"$(inherited)",
					"@executable_path/Frameworks",
				);
				PRODUCT_BUNDLE_IDENTIFIER = eu.kevin.KevinDemo;
				PRODUCT_NAME = "$(TARGET_NAME)";
				SWIFT_VERSION = 5.0;
				TARGETED_DEVICE_FAMILY = "1,2";
			};
			name = Release;
		};
		27C3511E267372FB00A3A17F /* Debug */ = {
			isa = XCBuildConfiguration;
			buildSettings = {
				ALWAYS_EMBED_SWIFT_STANDARD_LIBRARIES = YES;
				BUNDLE_LOADER = "$(TEST_HOST)";
				CODE_SIGN_STYLE = Automatic;
				INFOPLIST_FILE = KevinDemoTests/Info.plist;
				IPHONEOS_DEPLOYMENT_TARGET = 14.0;
				LD_RUNPATH_SEARCH_PATHS = (
					"$(inherited)",
					"@executable_path/Frameworks",
					"@loader_path/Frameworks",
				);
				PRODUCT_BUNDLE_IDENTIFIER = eu.kevin.KevinDemoTests;
				PRODUCT_NAME = "$(TARGET_NAME)";
				SWIFT_VERSION = 5.0;
				TARGETED_DEVICE_FAMILY = "1,2";
				TEST_HOST = "$(BUILT_PRODUCTS_DIR)/KevinDemo.app/KevinDemo";
			};
			name = Debug;
		};
		27C3511F267372FB00A3A17F /* Release */ = {
			isa = XCBuildConfiguration;
			buildSettings = {
				ALWAYS_EMBED_SWIFT_STANDARD_LIBRARIES = YES;
				BUNDLE_LOADER = "$(TEST_HOST)";
				CODE_SIGN_STYLE = Automatic;
				INFOPLIST_FILE = KevinDemoTests/Info.plist;
				IPHONEOS_DEPLOYMENT_TARGET = 14.0;
				LD_RUNPATH_SEARCH_PATHS = (
					"$(inherited)",
					"@executable_path/Frameworks",
					"@loader_path/Frameworks",
				);
				PRODUCT_BUNDLE_IDENTIFIER = eu.kevin.KevinDemoTests;
				PRODUCT_NAME = "$(TARGET_NAME)";
				SWIFT_VERSION = 5.0;
				TARGETED_DEVICE_FAMILY = "1,2";
				TEST_HOST = "$(BUILT_PRODUCTS_DIR)/KevinDemo.app/KevinDemo";
			};
			name = Release;
		};
		27C35121267372FB00A3A17F /* Debug */ = {
			isa = XCBuildConfiguration;
			buildSettings = {
				ALWAYS_EMBED_SWIFT_STANDARD_LIBRARIES = YES;
				CODE_SIGN_STYLE = Automatic;
				INFOPLIST_FILE = KevinDemoUITests/Info.plist;
				LD_RUNPATH_SEARCH_PATHS = (
					"$(inherited)",
					"@executable_path/Frameworks",
					"@loader_path/Frameworks",
				);
				PRODUCT_BUNDLE_IDENTIFIER = eu.kevin.KevinDemoUITests;
				PRODUCT_NAME = "$(TARGET_NAME)";
				SWIFT_VERSION = 5.0;
				TARGETED_DEVICE_FAMILY = "1,2";
				TEST_TARGET_NAME = KevinDemo;
			};
			name = Debug;
		};
		27C35122267372FB00A3A17F /* Release */ = {
			isa = XCBuildConfiguration;
			buildSettings = {
				ALWAYS_EMBED_SWIFT_STANDARD_LIBRARIES = YES;
				CODE_SIGN_STYLE = Automatic;
				INFOPLIST_FILE = KevinDemoUITests/Info.plist;
				LD_RUNPATH_SEARCH_PATHS = (
					"$(inherited)",
					"@executable_path/Frameworks",
					"@loader_path/Frameworks",
				);
				PRODUCT_BUNDLE_IDENTIFIER = eu.kevin.KevinDemoUITests;
				PRODUCT_NAME = "$(TARGET_NAME)";
				SWIFT_VERSION = 5.0;
				TARGETED_DEVICE_FAMILY = "1,2";
				TEST_TARGET_NAME = KevinDemo;
			};
			name = Release;
		};
/* End XCBuildConfiguration section */

/* Begin XCConfigurationList section */
		27C350F0267372FA00A3A17F /* Build configuration list for PBXProject "KevinDemo" */ = {
			isa = XCConfigurationList;
			buildConfigurations = (
				27C35118267372FB00A3A17F /* Debug */,
				27C35119267372FB00A3A17F /* Release */,
			);
			defaultConfigurationIsVisible = 0;
			defaultConfigurationName = Release;
		};
		27C3511A267372FB00A3A17F /* Build configuration list for PBXNativeTarget "KevinDemo" */ = {
			isa = XCConfigurationList;
			buildConfigurations = (
				27C3511B267372FB00A3A17F /* Debug */,
				27C3511C267372FB00A3A17F /* Release */,
			);
			defaultConfigurationIsVisible = 0;
			defaultConfigurationName = Release;
		};
		27C3511D267372FB00A3A17F /* Build configuration list for PBXNativeTarget "KevinDemoTests" */ = {
			isa = XCConfigurationList;
			buildConfigurations = (
				27C3511E267372FB00A3A17F /* Debug */,
				27C3511F267372FB00A3A17F /* Release */,
			);
			defaultConfigurationIsVisible = 0;
			defaultConfigurationName = Release;
		};
		27C35120267372FB00A3A17F /* Build configuration list for PBXNativeTarget "KevinDemoUITests" */ = {
			isa = XCConfigurationList;
			buildConfigurations = (
				27C35121267372FB00A3A17F /* Debug */,
				27C35122267372FB00A3A17F /* Release */,
			);
			defaultConfigurationIsVisible = 0;
			defaultConfigurationName = Release;
		};
/* End XCConfigurationList section */

/* Begin XCRemoteSwiftPackageReference section */
		0C0C139F28590F6500607CE9 /* XCRemoteSwiftPackageReference "SDWebImageSwiftUI" */ = {
			isa = XCRemoteSwiftPackageReference;
			repositoryURL = "https://github.com/SDWebImage/SDWebImageSwiftUI";
			requirement = {
				kind = upToNextMajorVersion;
				minimumVersion = 2.0.0;
			};
		};
		0C630C00285A410600E6FAD1 /* XCRemoteSwiftPackageReference "AttributedText" */ = {
			isa = XCRemoteSwiftPackageReference;
			repositoryURL = "https://github.com/gonzalezreal/AttributedText";
			requirement = {
				kind = upToNextMajorVersion;
				minimumVersion = 1.0.0;
			};
		};
		0C850BAD2858A8BE00194293 /* XCRemoteSwiftPackageReference "realm-cocoa" */ = {
			isa = XCRemoteSwiftPackageReference;
			repositoryURL = "https://github.com/realm/realm-cocoa";
			requirement = {
				kind = upToNextMajorVersion;
				minimumVersion = 10.20.2;
			};
		};
		0C850BB72858AAB200194293 /* XCRemoteSwiftPackageReference "SwiftKeychainWrapper" */ = {
			isa = XCRemoteSwiftPackageReference;
			repositoryURL = "https://github.com/jrendel/SwiftKeychainWrapper";
			requirement = {
				kind = upToNextMajorVersion;
				minimumVersion = 4.0.0;
			};
		};
		0CE4996327BA65D8005E32D4 /* XCRemoteSwiftPackageReference "SDWebImageSwiftUI" */ = {
			isa = XCRemoteSwiftPackageReference;
			repositoryURL = "https://github.com/SDWebImage/SDWebImageSwiftUI";
			requirement = {
				kind = upToNextMajorVersion;
				minimumVersion = 2.0.0;
			};
		};
		0CE7379A27C781BA0010C934 /* XCRemoteSwiftPackageReference "HalfASheet" */ = {
			isa = XCRemoteSwiftPackageReference;
			repositoryURL = "https://github.com/PocketDaniel/HalfASheet";
			requirement = {
				kind = upToNextMajorVersion;
				minimumVersion = 1.0.0;
			};
		};
		272CA8F026B4575200978AA7 /* XCRemoteSwiftPackageReference "Localize-Swift" */ = {
			isa = XCRemoteSwiftPackageReference;
			repositoryURL = "https://github.com/marmelroy/Localize-Swift";
			requirement = {
				kind = upToNextMajorVersion;
				minimumVersion = 3.2.0;
			};
		};
		27B1809026807898001E0C50 /* XCRemoteSwiftPackageReference "PromiseKit" */ = {
			isa = XCRemoteSwiftPackageReference;
			repositoryURL = "https://github.com/mxcl/PromiseKit";
			requirement = {
				kind = upToNextMajorVersion;
				minimumVersion = 6.15.3;
			};
		};
		27B18093268078CE001E0C50 /* XCRemoteSwiftPackageReference "Alamofire" */ = {
			isa = XCRemoteSwiftPackageReference;
			repositoryURL = "https://github.com/Alamofire/Alamofire";
			requirement = {
				kind = upToNextMajorVersion;
				minimumVersion = 5.4.3;
			};
		};
		27B180A626807EA2001E0C50 /* XCRemoteSwiftPackageReference "JWTDecode" */ = {
			isa = XCRemoteSwiftPackageReference;
			repositoryURL = "https://github.com/auth0/JWTDecode.swift";
			requirement = {
				kind = upToNextMajorVersion;
				minimumVersion = 2.6.1;
			};
		};
		27EF268E26B806D90085FDC7 /* XCRemoteSwiftPackageReference "kevin-ios" */ = {
			isa = XCRemoteSwiftPackageReference;
			repositoryURL = "https://github.com/getkevin/kevin-ios";
			requirement = {
				kind = exactVersion;
				version = 2.1.1;
			};
		};
/* End XCRemoteSwiftPackageReference section */

/* Begin XCSwiftPackageProductDependency section */
		0C0C13A028590F6500607CE9 /* SDWebImageSwiftUI */ = {
			isa = XCSwiftPackageProductDependency;
			package = 0CE4996327BA65D8005E32D4 /* XCRemoteSwiftPackageReference "SDWebImageSwiftUI" */;
			productName = SDWebImageSwiftUI;
		};
		0C630C01285A410600E6FAD1 /* AttributedText */ = {
			isa = XCSwiftPackageProductDependency;
			package = 0C630C00285A410600E6FAD1 /* XCRemoteSwiftPackageReference "AttributedText" */;
			productName = AttributedText;
		};
		0C850BAE2858A8BE00194293 /* Realm */ = {
			isa = XCSwiftPackageProductDependency;
			package = 0C850BAD2858A8BE00194293 /* XCRemoteSwiftPackageReference "realm-cocoa" */;
			productName = Realm;
		};
		0C850BB02858A8BE00194293 /* RealmSwift */ = {
			isa = XCSwiftPackageProductDependency;
			package = 0C850BAD2858A8BE00194293 /* XCRemoteSwiftPackageReference "realm-cocoa" */;
			productName = RealmSwift;
		};
		0C850BB82858AAB200194293 /* SwiftKeychainWrapper */ = {
			isa = XCSwiftPackageProductDependency;
			package = 0C850BB72858AAB200194293 /* XCRemoteSwiftPackageReference "SwiftKeychainWrapper" */;
			productName = SwiftKeychainWrapper;
		};
		0CE4996427BA65D8005E32D4 /* SDWebImageSwiftUI */ = {
			isa = XCSwiftPackageProductDependency;
			package = 0CE4996327BA65D8005E32D4 /* XCRemoteSwiftPackageReference "SDWebImageSwiftUI" */;
			productName = SDWebImageSwiftUI;
		};
		0CE7379B27C781BA0010C934 /* HalfASheet */ = {
			isa = XCSwiftPackageProductDependency;
			package = 0CE7379A27C781BA0010C934 /* XCRemoteSwiftPackageReference "HalfASheet" */;
			productName = HalfASheet;
		};
		272CA8F126B4575200978AA7 /* Localize_Swift */ = {
			isa = XCSwiftPackageProductDependency;
			package = 272CA8F026B4575200978AA7 /* XCRemoteSwiftPackageReference "Localize-Swift" */;
			productName = Localize_Swift;
		};
		27B1809126807898001E0C50 /* PromiseKit */ = {
			isa = XCSwiftPackageProductDependency;
			package = 27B1809026807898001E0C50 /* XCRemoteSwiftPackageReference "PromiseKit" */;
			productName = PromiseKit;
		};
		27B18094268078CE001E0C50 /* Alamofire */ = {
			isa = XCSwiftPackageProductDependency;
			package = 27B18093268078CE001E0C50 /* XCRemoteSwiftPackageReference "Alamofire" */;
			productName = Alamofire;
		};
		27B180A726807EA2001E0C50 /* JWTDecode */ = {
			isa = XCSwiftPackageProductDependency;
			package = 27B180A626807EA2001E0C50 /* XCRemoteSwiftPackageReference "JWTDecode" */;
			productName = JWTDecode;
		};
		27EF268F26B806D90085FDC7 /* .kevin */ = {
			isa = XCSwiftPackageProductDependency;
			package = 27EF268E26B806D90085FDC7 /* XCRemoteSwiftPackageReference "kevin-ios" */;
			productName = .kevin;
		};
/* End XCSwiftPackageProductDependency section */
	};
	rootObject = 27C350ED267372FA00A3A17F /* Project object */;
}
